// !$*UTF8*$!
{
	archiveVersion = 1;
	classes = {
	};
	objectVersion = 46;
	objects = {

/* Begin PBXBuildFile section */
		C9F4D83F20F3B7AB00F7CB51 /* main.m in Sources */ = {isa = PBXBuildFile; fileRef = C9F4D83E20F3B7AB00F7CB51 /* main.m */; };
		C9F4D84220F3B7AB00F7CB51 /* AppDelegate.m in Sources */ = {isa = PBXBuildFile; fileRef = C9F4D84120F3B7AB00F7CB51 /* AppDelegate.m */; };
		C9F4D84520F3B7AB00F7CB51 /* ViewController.m in Sources */ = {isa = PBXBuildFile; fileRef = C9F4D84420F3B7AB00F7CB51 /* ViewController.m */; };
		C9F4D84820F3B7AB00F7CB51 /* Main.storyboard in Resources */ = {isa = PBXBuildFile; fileRef = C9F4D84620F3B7AB00F7CB51 /* Main.storyboard */; };
		C9F4D84A20F3B7AB00F7CB51 /* Assets.xcassets in Resources */ = {isa = PBXBuildFile; fileRef = C9F4D84920F3B7AB00F7CB51 /* Assets.xcassets */; };
		C9F4D84D20F3B7AB00F7CB51 /* LaunchScreen.storyboard in Resources */ = {isa = PBXBuildFile; fileRef = C9F4D84B20F3B7AB00F7CB51 /* LaunchScreen.storyboard */; };
		C9F4D85820F3B7AB00F7CB51 /* PageViewAppTests.m in Sources */ = {isa = PBXBuildFile; fileRef = C9F4D85720F3B7AB00F7CB51 /* PageViewAppTests.m */; };
		C9F4D86320F3B7AB00F7CB51 /* PageViewAppUITests.m in Sources */ = {isa = PBXBuildFile; fileRef = C9F4D86220F3B7AB00F7CB51 /* PageViewAppUITests.m */; };
		C9F4D87320F3B86100F7CB51 /* TableViewController.m in Sources */ = {isa = PBXBuildFile; fileRef = C9F4D87220F3B86100F7CB51 /* TableViewController.m */; };
/* End PBXBuildFile section */

/* Begin PBXContainerItemProxy section */
		C9F4D85420F3B7AB00F7CB51 /* PBXContainerItemProxy */ = {
			isa = PBXContainerItemProxy;
			containerPortal = C9F4D83220F3B7AB00F7CB51 /* Project object */;
			proxyType = 1;
			remoteGlobalIDString = C9F4D83920F3B7AB00F7CB51;
			remoteInfo = PageViewApp;
		};
		C9F4D85F20F3B7AB00F7CB51 /* PBXContainerItemProxy */ = {
			isa = PBXContainerItemProxy;
			containerPortal = C9F4D83220F3B7AB00F7CB51 /* Project object */;
			proxyType = 1;
			remoteGlobalIDString = C9F4D83920F3B7AB00F7CB51;
			remoteInfo = PageViewApp;
		};
/* End PBXContainerItemProxy section */

/* Begin PBXFileReference section */
		C9F4D83A20F3B7AB00F7CB51 /* PageViewApp.app */ = {isa = PBXFileReference; explicitFileType = wrapper.application; includeInIndex = 0; path = PageViewApp.app; sourceTree = BUILT_PRODUCTS_DIR; };
		C9F4D83E20F3B7AB00F7CB51 /* main.m */ = {isa = PBXFileReference; lastKnownFileType = sourcecode.c.objc; path = main.m; sourceTree = "<group>"; };
		C9F4D84020F3B7AB00F7CB51 /* AppDelegate.h */ = {isa = PBXFileReference; lastKnownFileType = sourcecode.c.h; path = AppDelegate.h; sourceTree = "<group>"; };
		C9F4D84120F3B7AB00F7CB51 /* AppDelegate.m */ = {isa = PBXFileReference; lastKnownFileType = sourcecode.c.objc; path = AppDelegate.m; sourceTree = "<group>"; };
		C9F4D84320F3B7AB00F7CB51 /* ViewController.h */ = {isa = PBXFileReference; lastKnownFileType = sourcecode.c.h; path = ViewController.h; sourceTree = "<group>"; };
		C9F4D84420F3B7AB00F7CB51 /* ViewController.m */ = {isa = PBXFileReference; lastKnownFileType = sourcecode.c.objc; path = ViewController.m; sourceTree = "<group>"; };
		C9F4D84720F3B7AB00F7CB51 /* Base */ = {isa = PBXFileReference; lastKnownFileType = file.storyboard; name = Base; path = Base.lproj/Main.storyboard; sourceTree = "<group>"; };
		C9F4D84920F3B7AB00F7CB51 /* Assets.xcassets */ = {isa = PBXFileReference; lastKnownFileType = folder.assetcatalog; path = Assets.xcassets; sourceTree = "<group>"; };
		C9F4D84C20F3B7AB00F7CB51 /* Base */ = {isa = PBXFileReference; lastKnownFileType = file.storyboard; name = Base; path = Base.lproj/LaunchScreen.storyboard; sourceTree = "<group>"; };
		C9F4D84E20F3B7AB00F7CB51 /* Info.plist */ = {isa = PBXFileReference; lastKnownFileType = text.plist.xml; path = Info.plist; sourceTree = "<group>"; };
		C9F4D85320F3B7AB00F7CB51 /* PageViewAppTests.xctest */ = {isa = PBXFileReference; explicitFileType = wrapper.cfbundle; includeInIndex = 0; path = PageViewAppTests.xctest; sourceTree = BUILT_PRODUCTS_DIR; };
		C9F4D85720F3B7AB00F7CB51 /* PageViewAppTests.m */ = {isa = PBXFileReference; lastKnownFileType = sourcecode.c.objc; path = PageViewAppTests.m; sourceTree = "<group>"; };
		C9F4D85920F3B7AB00F7CB51 /* Info.plist */ = {isa = PBXFileReference; lastKnownFileType = text.plist.xml; path = Info.plist; sourceTree = "<group>"; };
		C9F4D85E20F3B7AB00F7CB51 /* PageViewAppUITests.xctest */ = {isa = PBXFileReference; explicitFileType = wrapper.cfbundle; includeInIndex = 0; path = PageViewAppUITests.xctest; sourceTree = BUILT_PRODUCTS_DIR; };
		C9F4D86220F3B7AB00F7CB51 /* PageViewAppUITests.m */ = {isa = PBXFileReference; lastKnownFileType = sourcecode.c.objc; path = PageViewAppUITests.m; sourceTree = "<group>"; };
		C9F4D86420F3B7AB00F7CB51 /* Info.plist */ = {isa = PBXFileReference; lastKnownFileType = text.plist.xml; path = Info.plist; sourceTree = "<group>"; };
		C9F4D87120F3B84900F7CB51 /* TableViewController.h */ = {isa = PBXFileReference; fileEncoding = 4; lastKnownFileType = sourcecode.c.h; path = TableViewController.h; sourceTree = "<group>"; };
		C9F4D87220F3B86100F7CB51 /* TableViewController.m */ = {isa = PBXFileReference; fileEncoding = 4; lastKnownFileType = sourcecode.c.objc; path = TableViewController.m; sourceTree = "<group>"; };
/* End PBXFileReference section */

/* Begin PBXFrameworksBuildPhase section */
		C9F4D83720F3B7AB00F7CB51 /* Frameworks */ = {
			isa = PBXFrameworksBuildPhase;
			buildActionMask = 2147483647;
			files = (
			);
			runOnlyForDeploymentPostprocessing = 0;
		};
		C9F4D85020F3B7AB00F7CB51 /* Frameworks */ = {
			isa = PBXFrameworksBuildPhase;
			buildActionMask = 2147483647;
			files = (
			);
			runOnlyForDeploymentPostprocessing = 0;
		};
		C9F4D85B20F3B7AB00F7CB51 /* Frameworks */ = {
			isa = PBXFrameworksBuildPhase;
			buildActionMask = 2147483647;
			files = (
			);
			runOnlyForDeploymentPostprocessing = 0;
		};
/* End PBXFrameworksBuildPhase section */

/* Begin PBXGroup section */
		C9F4D83120F3B7AB00F7CB51 = {
			isa = PBXGroup;
			children = (
				C9F4D83C20F3B7AB00F7CB51 /* PageViewApp */,
				C9F4D85620F3B7AB00F7CB51 /* PageViewAppTests */,
				C9F4D86120F3B7AB00F7CB51 /* PageViewAppUITests */,
				C9F4D83B20F3B7AB00F7CB51 /* Products */,
			);
			sourceTree = "<group>";
		};
		C9F4D83B20F3B7AB00F7CB51 /* Products */ = {
			isa = PBXGroup;
			children = (
				C9F4D83A20F3B7AB00F7CB51 /* PageViewApp.app */,
				C9F4D85320F3B7AB00F7CB51 /* PageViewAppTests.xctest */,
				C9F4D85E20F3B7AB00F7CB51 /* PageViewAppUITests.xctest */,
			);
			name = Products;
			sourceTree = "<group>";
		};
		C9F4D83C20F3B7AB00F7CB51 /* PageViewApp */ = {
			isa = PBXGroup;
			children = (
				C9F4D84020F3B7AB00F7CB51 /* AppDelegate.h */,
				C9F4D84120F3B7AB00F7CB51 /* AppDelegate.m */,
				C9F4D84320F3B7AB00F7CB51 /* ViewController.h */,
				C9F4D84420F3B7AB00F7CB51 /* ViewController.m */,
				C9F4D84620F3B7AB00F7CB51 /* Main.storyboard */,
				C9F4D84920F3B7AB00F7CB51 /* Assets.xcassets */,
				C9F4D84B20F3B7AB00F7CB51 /* LaunchScreen.storyboard */,
				C9F4D84E20F3B7AB00F7CB51 /* Info.plist */,
				C9F4D83D20F3B7AB00F7CB51 /* Supporting Files */,
				C9F4D87120F3B84900F7CB51 /* TableViewController.h */,
				C9F4D87220F3B86100F7CB51 /* TableViewController.m */,
			);
			path = PageViewApp;
			sourceTree = "<group>";
		};
		C9F4D83D20F3B7AB00F7CB51 /* Supporting Files */ = {
			isa = PBXGroup;
			children = (
				C9F4D83E20F3B7AB00F7CB51 /* main.m */,
			);
			name = "Supporting Files";
			sourceTree = "<group>";
		};
		C9F4D85620F3B7AB00F7CB51 /* PageViewAppTests */ = {
			isa = PBXGroup;
			children = (
				C9F4D85720F3B7AB00F7CB51 /* PageViewAppTests.m */,
				C9F4D85920F3B7AB00F7CB51 /* Info.plist */,
			);
			path = PageViewAppTests;
			sourceTree = "<group>";
		};
		C9F4D86120F3B7AB00F7CB51 /* PageViewAppUITests */ = {
			isa = PBXGroup;
			children = (
				C9F4D86220F3B7AB00F7CB51 /* PageViewAppUITests.m */,
				C9F4D86420F3B7AB00F7CB51 /* Info.plist */,
			);
			path = PageViewAppUITests;
			sourceTree = "<group>";
		};
/* End PBXGroup section */

/* Begin PBXNativeTarget section */
		C9F4D83920F3B7AB00F7CB51 /* PageViewApp */ = {
			isa = PBXNativeTarget;
			buildConfigurationList = C9F4D86720F3B7AB00F7CB51 /* Build configuration list for PBXNativeTarget "PageViewApp" */;
			buildPhases = (
				C9F4D83620F3B7AB00F7CB51 /* Sources */,
				C9F4D83720F3B7AB00F7CB51 /* Frameworks */,
				C9F4D83820F3B7AB00F7CB51 /* Resources */,
			);
			buildRules = (
			);
			dependencies = (
			);
			name = PageViewApp;
			productName = PageViewApp;
			productReference = C9F4D83A20F3B7AB00F7CB51 /* PageViewApp.app */;
			productType = "com.apple.product-type.application";
		};
		C9F4D85220F3B7AB00F7CB51 /* PageViewAppTests */ = {
			isa = PBXNativeTarget;
			buildConfigurationList = C9F4D86A20F3B7AB00F7CB51 /* Build configuration list for PBXNativeTarget "PageViewAppTests" */;
			buildPhases = (
				C9F4D84F20F3B7AB00F7CB51 /* Sources */,
				C9F4D85020F3B7AB00F7CB51 /* Frameworks */,
				C9F4D85120F3B7AB00F7CB51 /* Resources */,
			);
			buildRules = (
			);
			dependencies = (
				C9F4D85520F3B7AB00F7CB51 /* PBXTargetDependency */,
			);
			name = PageViewAppTests;
			productName = PageViewAppTests;
			productReference = C9F4D85320F3B7AB00F7CB51 /* PageViewAppTests.xctest */;
			productType = "com.apple.product-type.bundle.unit-test";
		};
		C9F4D85D20F3B7AB00F7CB51 /* PageViewAppUITests */ = {
			isa = PBXNativeTarget;
			buildConfigurationList = C9F4D86D20F3B7AB00F7CB51 /* Build configuration list for PBXNativeTarget "PageViewAppUITests" */;
			buildPhases = (
				C9F4D85A20F3B7AB00F7CB51 /* Sources */,
				C9F4D85B20F3B7AB00F7CB51 /* Frameworks */,
				C9F4D85C20F3B7AB00F7CB51 /* Resources */,
			);
			buildRules = (
			);
			dependencies = (
				C9F4D86020F3B7AB00F7CB51 /* PBXTargetDependency */,
			);
			name = PageViewAppUITests;
			productName = PageViewAppUITests;
			productReference = C9F4D85E20F3B7AB00F7CB51 /* PageViewAppUITests.xctest */;
			productType = "com.apple.product-type.bundle.ui-testing";
		};
/* End PBXNativeTarget section */

/* Begin PBXProject section */
		C9F4D83220F3B7AB00F7CB51 /* Project object */ = {
			isa = PBXProject;
			attributes = {
				LastUpgradeCheck = 0830;
				ORGANIZATIONNAME = Matt;
				TargetAttributes = {
					C9F4D83920F3B7AB00F7CB51 = {
						CreatedOnToolsVersion = 8.3;
						ProvisioningStyle = Automatic;
					};
					C9F4D85220F3B7AB00F7CB51 = {
						CreatedOnToolsVersion = 8.3;
						ProvisioningStyle = Automatic;
						TestTargetID = C9F4D83920F3B7AB00F7CB51;
					};
					C9F4D85D20F3B7AB00F7CB51 = {
						CreatedOnToolsVersion = 8.3;
						ProvisioningStyle = Automatic;
						TestTargetID = C9F4D83920F3B7AB00F7CB51;
					};
				};
			};
			buildConfigurationList = C9F4D83520F3B7AB00F7CB51 /* Build configuration list for PBXProject "PageViewApp" */;
			compatibilityVersion = "Xcode 3.2";
			developmentRegion = English;
			hasScannedForEncodings = 0;
			knownRegions = (
				en,
				Base,
			);
			mainGroup = C9F4D83120F3B7AB00F7CB51;
			productRefGroup = C9F4D83B20F3B7AB00F7CB51 /* Products */;
			projectDirPath = "";
			projectRoot = "";
			targets = (
				C9F4D83920F3B7AB00F7CB51 /* PageViewApp */,
				C9F4D85220F3B7AB00F7CB51 /* PageViewAppTests */,
				C9F4D85D20F3B7AB00F7CB51 /* PageViewAppUITests */,
			);
		};
/* End PBXProject section */

/* Begin PBXResourcesBuildPhase section */
		C9F4D83820F3B7AB00F7CB51 /* Resources */ = {
			isa = PBXResourcesBuildPhase;
			buildActionMask = 2147483647;
			files = (
				C9F4D84D20F3B7AB00F7CB51 /* LaunchScreen.storyboard in Resources */,
				C9F4D84A20F3B7AB00F7CB51 /* Assets.xcassets in Resources */,
				C9F4D84820F3B7AB00F7CB51 /* Main.storyboard in Resources */,
			);
			runOnlyForDeploymentPostprocessing = 0;
		};
		C9F4D85120F3B7AB00F7CB51 /* Resources */ = {
			isa = PBXResourcesBuildPhase;
			buildActionMask = 2147483647;
			files = (
			);
			runOnlyForDeploymentPostprocessing = 0;
		};
		C9F4D85C20F3B7AB00F7CB51 /* Resources */ = {
			isa = PBXResourcesBuildPhase;
			buildActionMask = 2147483647;
			files = (
			);
			runOnlyForDeploymentPostprocessing = 0;
		};
/* End PBXResourcesBuildPhase section */

/* Begin PBXSourcesBuildPhase section */
		C9F4D83620F3B7AB00F7CB51 /* Sources */ = {
			isa = PBXSourcesBuildPhase;
			buildActionMask = 2147483647;
			files = (
				C9F4D84520F3B7AB00F7CB51 /* ViewController.m in Sources */,
				C9F4D84220F3B7AB00F7CB51 /* AppDelegate.m in Sources */,
				C9F4D83F20F3B7AB00F7CB51 /* main.m in Sources */,
				C9F4D87320F3B86100F7CB51 /* TableViewController.m in Sources */,
			);
			runOnlyForDeploymentPostprocessing = 0;
		};
		C9F4D84F20F3B7AB00F7CB51 /* Sources */ = {
			isa = PBXSourcesBuildPhase;
			buildActionMask = 2147483647;
			files = (
				C9F4D85820F3B7AB00F7CB51 /* PageViewAppTests.m in Sources */,
			);
			runOnlyForDeploymentPostprocessing = 0;
		};
		C9F4D85A20F3B7AB00F7CB51 /* Sources */ = {
			isa = PBXSourcesBuildPhase;
			buildActionMask = 2147483647;
			files = (
				C9F4D86320F3B7AB00F7CB51 /* PageViewAppUITests.m in Sources */,
			);
			runOnlyForDeploymentPostprocessing = 0;
		};
/* End PBXSourcesBuildPhase section */

/* Begin PBXTargetDependency section */
		C9F4D85520F3B7AB00F7CB51 /* PBXTargetDependency */ = {
			isa = PBXTargetDependency;
			target = C9F4D83920F3B7AB00F7CB51 /* PageViewApp */;
			targetProxy = C9F4D85420F3B7AB00F7CB51 /* PBXContainerItemProxy */;
		};
		C9F4D86020F3B7AB00F7CB51 /* PBXTargetDependency */ = {
			isa = PBXTargetDependency;
			target = C9F4D83920F3B7AB00F7CB51 /* PageViewApp */;
			targetProxy = C9F4D85F20F3B7AB00F7CB51 /* PBXContainerItemProxy */;
		};
/* End PBXTargetDependency section */

/* Begin PBXVariantGroup section */
		C9F4D84620F3B7AB00F7CB51 /* Main.storyboard */ = {
			isa = PBXVariantGroup;
			children = (
				C9F4D84720F3B7AB00F7CB51 /* Base */,
			);
			name = Main.storyboard;
			sourceTree = "<group>";
		};
		C9F4D84B20F3B7AB00F7CB51 /* LaunchScreen.storyboard */ = {
			isa = PBXVariantGroup;
			children = (
				C9F4D84C20F3B7AB00F7CB51 /* Base */,
			);
			name = LaunchScreen.storyboard;
			sourceTree = "<group>";
		};
/* End PBXVariantGroup section */

/* Begin XCBuildConfiguration section */
		C9F4D86520F3B7AB00F7CB51 /* Debug */ = {
			isa = XCBuildConfiguration;
			buildSettings = {
				ALWAYS_SEARCH_USER_PATHS = NO;
				CLANG_ANALYZER_NONNULL = YES;
				CLANG_ANALYZER_NUMBER_OBJECT_CONVERSION = YES_AGGRESSIVE;
				CLANG_CXX_LANGUAGE_STANDARD = "gnu++0x";
				CLANG_CXX_LIBRARY = "libc++";
				CLANG_ENABLE_MODULES = YES;
				CLANG_ENABLE_OBJC_ARC = YES;
				CLANG_WARN_BOOL_CONVERSION = YES;
				CLANG_WARN_CONSTANT_CONVERSION = YES;
				CLANG_WARN_DIRECT_OBJC_ISA_USAGE = YES_ERROR;
				CLANG_WARN_DOCUMENTATION_COMMENTS = YES;
				CLANG_WARN_EMPTY_BODY = YES;
				CLANG_WARN_ENUM_CONVERSION = YES;
				CLANG_WARN_INFINITE_RECURSION = YES;
				CLANG_WARN_INT_CONVERSION = YES;
				CLANG_WARN_OBJC_ROOT_CLASS = YES_ERROR;
				CLANG_WARN_SUSPICIOUS_MOVE = YES;
				CLANG_WARN_UNREACHABLE_CODE = YES;
				CLANG_WARN__DUPLICATE_METHOD_MATCH = YES;
				"CODE_SIGN_IDENTITY[sdk=iphoneos*]" = "iPhone Developer";
				COPY_PHASE_STRIP = NO;
				DEBUG_INFORMATION_FORMAT = dwarf;
				ENABLE_STRICT_OBJC_MSGSEND = YES;
				ENABLE_TESTABILITY = YES;
				GCC_C_LANGUAGE_STANDARD = gnu99;
				GCC_DYNAMIC_NO_PIC = NO;
				GCC_NO_COMMON_BLOCKS = YES;
				GCC_OPTIMIZATION_LEVEL = 0;
				GCC_PREPROCESSOR_DEFINITIONS = (
					"DEBUG=1",
					"$(inherited)",
				);
				GCC_WARN_64_TO_32_BIT_CONVERSION = YES;
				GCC_WARN_ABOUT_RETURN_TYPE = YES_ERROR;
				GCC_WARN_UNDECLARED_SELECTOR = YES;
				GCC_WARN_UNINITIALIZED_AUTOS = YES_AGGRESSIVE;
				GCC_WARN_UNUSED_FUNCTION = YES;
				GCC_WARN_UNUSED_VARIABLE = YES;
				IPHONEOS_DEPLOYMENT_TARGET = 10.3;
				MTL_ENABLE_DEBUG_INFO = YES;
				ONLY_ACTIVE_ARCH = YES;
				SDKROOT = iphoneos;
				TARGETED_DEVICE_FAMILY = "1,2";
			};
			name = Debug;
		};
		C9F4D86620F3B7AB00F7CB51 /* Release */ = {
			isa = XCBuildConfiguration;
			buildSettings = {
				ALWAYS_SEARCH_USER_PATHS = NO;
				CLANG_ANALYZER_NONNULL = YES;
				CLANG_ANALYZER_NUMBER_OBJECT_CONVERSION = YES_AGGRESSIVE;
				CLANG_CXX_LANGUAGE_STANDARD = "gnu++0x";
				CLANG_CXX_LIBRARY = "libc++";
				CLANG_ENABLE_MODULES = YES;
				CLANG_ENABLE_OBJC_ARC = YES;
				CLANG_WARN_BOOL_CONVERSION = YES;
				CLANG_WARN_CONSTANT_CONVERSION = YES;
				CLANG_WARN_DIRECT_OBJC_ISA_USAGE = YES_ERROR;
				CLANG_WARN_DOCUMENTATION_COMMENTS = YES;
				CLANG_WARN_EMPTY_BODY = YES;
				CLANG_WARN_ENUM_CONVERSION = YES;
				CLANG_WARN_INFINITE_RECURSION = YES;
				CLANG_WARN_INT_CONVERSION = YES;
				CLANG_WARN_OBJC_ROOT_CLASS = YES_ERROR;
				CLANG_WARN_SUSPICIOUS_MOVE = YES;
				CLANG_WARN_UNREACHABLE_CODE = YES;
				CLANG_WARN__DUPLICATE_METHOD_MATCH = YES;
				"CODE_SIGN_IDENTITY[sdk=iphoneos*]" = "iPhone Developer";
				COPY_PHASE_STRIP = NO;
				DEBUG_INFORMATION_FORMAT = "dwarf-with-dsym";
				ENABLE_NS_ASSERTIONS = NO;
				ENABLE_STRICT_OBJC_MSGSEND = YES;
				GCC_C_LANGUAGE_STANDARD = gnu99;
				GCC_NO_COMMON_BLOCKS = YES;
				GCC_WARN_64_TO_32_BIT_CONVERSION = YES;
				GCC_WARN_ABOUT_RETURN_TYPE = YES_ERROR;
				GCC_WARN_UNDECLARED_SELECTOR = YES;
				GCC_WARN_UNINITIALIZED_AUTOS = YES_AGGRESSIVE;
				GCC_WARN_UNUSED_FUNCTION = YES;
				GCC_WARN_UNUSED_VARIABLE = YES;
				IPHONEOS_DEPLOYMENT_TARGET = 10.3;
				MTL_ENABLE_DEBUG_INFO = NO;
				SDKROOT = iphoneos;
				TARGETED_DEVICE_FAMILY = "1,2";
				VALIDATE_PRODUCT = YES;
			};
			name = Release;
		};
		C9F4D86820F3B7AB00F7CB51 /* Debug */ = {
			isa = XCBuildConfiguration;
			buildSettings = {
				ASSETCATALOG_COMPILER_APPICON_NAME = AppIcon;
				INFOPLIST_FILE = PageViewApp/Info.plist;
				LD_RUNPATH_SEARCH_PATHS = "$(inherited) @executable_path/Frameworks";
				PRODUCT_BUNDLE_IDENTIFIER = MattDunne.PageViewApp;
				PRODUCT_NAME = "$(TARGET_NAME)";
			};
			name = Debug;
		};
		C9F4D86920F3B7AB00F7CB51 /* Release */ = {
			isa = XCBuildConfiguration;
			buildSettings = {
				ASSETCATALOG_COMPILER_APPICON_NAME = AppIcon;
				INFOPLIST_FILE = PageViewApp/Info.plist;
				LD_RUNPATH_SEARCH_PATHS = "$(inherited) @executable_path/Frameworks";
				PRODUCT_BUNDLE_IDENTIFIER = MattDunne.PageViewApp;
				PRODUCT_NAME = "$(TARGET_NAME)";
			};
			name = Release;
		};
		C9F4D86B20F3B7AB00F7CB51 /* Debug */ = {
			isa = XCBuildConfiguration;
			buildSettings = {
				BUNDLE_LOADER = "$(TEST_HOST)";
				INFOPLIST_FILE = PageViewAppTests/Info.plist;
				LD_RUNPATH_SEARCH_PATHS = "$(inherited) @executable_path/Frameworks @loader_path/Frameworks";
				PRODUCT_BUNDLE_IDENTIFIER = MattDunne.PageViewAppTests;
				PRODUCT_NAME = "$(TARGET_NAME)";
				TEST_HOST = "$(BUILT_PRODUCTS_DIR)/PageViewApp.app/PageViewApp";
			};
			name = Debug;
		};
		C9F4D86C20F3B7AB00F7CB51 /* Release */ = {
			isa = XCBuildConfiguration;
			buildSettings = {
				BUNDLE_LOADER = "$(TEST_HOST)";
				INFOPLIST_FILE = PageViewAppTests/Info.plist;
				LD_RUNPATH_SEARCH_PATHS = "$(inherited) @executable_path/Frameworks @loader_path/Frameworks";
				PRODUCT_BUNDLE_IDENTIFIER = MattDunne.PageViewAppTests;
				PRODUCT_NAME = "$(TARGET_NAME)";
				TEST_HOST = "$(BUILT_PRODUCTS_DIR)/PageViewApp.app/PageViewApp";
			};
			name = Release;
		};
		C9F4D86E20F3B7AB00F7CB51 /* Debug */ = {
			isa = XCBuildConfiguration;
			buildSettings = {
				INFOPLIST_FILE = PageViewAppUITests/Info.plist;
				LD_RUNPATH_SEARCH_PATHS = "$(inherited) @executable_path/Frameworks @loader_path/Frameworks";
				PRODUCT_BUNDLE_IDENTIFIER = MattDunne.PageViewAppUITests;
				PRODUCT_NAME = "$(TARGET_NAME)";
				TEST_TARGET_NAME = PageViewApp;
			};
			name = Debug;
		};
		C9F4D86F20F3B7AB00F7CB51 /* Release */ = {
			isa = XCBuildConfiguration;
			buildSettings = {
				INFOPLIST_FILE = PageViewAppUITests/Info.plist;
				LD_RUNPATH_SEARCH_PATHS = "$(inherited) @executable_path/Frameworks @loader_path/Frameworks";
				PRODUCT_BUNDLE_IDENTIFIER = MattDunne.PageViewAppUITests;
				PRODUCT_NAME = "$(TARGET_NAME)";
				TEST_TARGET_NAME = PageViewApp;
			};
			name = Release;
		};
/* End XCBuildConfiguration section */

/* Begin XCConfigurationList section */
		C9F4D83520F3B7AB00F7CB51 /* Build configuration list for PBXProject "PageViewApp" */ = {
			isa = XCConfigurationList;
			buildConfigurations = (
				C9F4D86520F3B7AB00F7CB51 /* Debug */,
				C9F4D86620F3B7AB00F7CB51 /* Release */,
			);
			defaultConfigurationIsVisible = 0;
			defaultConfigurationName = Release;
		};
		C9F4D86720F3B7AB00F7CB51 /* Build configuration list for PBXNativeTarget "PageViewApp" */ = {
			isa = XCConfigurationList;
			buildConfigurations = (
				C9F4D86820F3B7AB00F7CB51 /* Debug */,
				C9F4D86920F3B7AB00F7CB51 /* Release */,
			);
			defaultConfigurationIsVisible = 0;
			defaultConfigurationName = Release;
		};
		C9F4D86A20F3B7AB00F7CB51 /* Build configuration list for PBXNativeTarget "PageViewAppTests" */ = {
			isa = XCConfigurationList;
			buildConfigurations = (
				C9F4D86B20F3B7AB00F7CB51 /* Debug */,
				C9F4D86C20F3B7AB00F7CB51 /* Release */,
			);
			defaultConfigurationIsVisible = 0;
			defaultConfigurationName = Release;
		};
		C9F4D86D20F3B7AB00F7CB51 /* Build configuration list for PBXNativeTarget "PageViewAppUITests" */ = {
			isa = XCConfigurationList;
			buildConfigurations = (
				C9F4D86E20F3B7AB00F7CB51 /* Debug */,
				C9F4D86F20F3B7AB00F7CB51 /* Release */,
			);
			defaultConfigurationIsVisible = 0;
			defaultConfigurationName = Release;
		};
/* End XCConfigurationList section */
	};
	rootObject = C9F4D83220F3B7AB00F7CB51 /* Project object */;
}
